// !$*UTF8*$!
{
	archiveVersion = 1;
	classes = {
	};
	objectVersion = 56;
	objects = {

/* Begin PBXBuildFile section */
		A10000000000000000000001 /* ThumbnailProvider.swift in Sources */ = {isa = PBXBuildFile; fileRef = B10000000000000000000001 /* ThumbnailProvider.swift */; };
		A10000000000000000000002 /* RustThumbnail.swift in Sources */ = {isa = PBXBuildFile; fileRef = B10000000000000000000002 /* RustThumbnail.swift */; };
		A10000000000000000000003 /* QuickLookThumbnailing.framework in Frameworks */ = {isa = PBXBuildFile; fileRef = B10000000000000000000006 /* QuickLookThumbnailing.framework */; };
		A10000000000000000000004 /* CoreGraphics.framework in Frameworks */ = {isa = PBXBuildFile; fileRef = B10000000000000000000007 /* CoreGraphics.framework */; };
/* End PBXBuildFile section */

/* Begin PBXFileReference section */
		B10000000000000000000001 /* ThumbnailProvider.swift */ = {isa = PBXFileReference; lastKnownFileType = sourcecode.swift; path = ThumbnailProvider.swift; sourceTree = "<group>"; };
		B10000000000000000000002 /* RustThumbnail.swift */ = {isa = PBXFileReference; lastKnownFileType = sourcecode.swift; path = RustThumbnail.swift; sourceTree = "<group>"; };
		B10000000000000000000003 /* Info.plist */ = {isa = PBXFileReference; lastKnownFileType = text.plist.xml; path = Info.plist; sourceTree = "<group>"; };
		B10000000000000000000004 /* FlowReaderThumbnail.entitlements */ = {isa = PBXFileReference; lastKnownFileType = text.plist.entitlements; path = FlowReaderThumbnail.entitlements; sourceTree = "<group>"; };
		B10000000000000000000005 /* FlowReaderThumbnail.appex */ = {isa = PBXFileReference; explicitFileType = "wrapper.app-extension"; includeInIndex = 0; path = FlowReaderThumbnail.appex; sourceTree = BUILT_PRODUCTS_DIR; };
		B10000000000000000000006 /* QuickLookThumbnailing.framework */ = {isa = PBXFileReference; lastKnownFileType = wrapper.framework; name = QuickLookThumbnailing.framework; path = System/Library/Frameworks/QuickLookThumbnailing.framework; sourceTree = SDKROOT; };
		B10000000000000000000007 /* CoreGraphics.framework */ = {isa = PBXFileReference; lastKnownFileType = wrapper.framework; name = CoreGraphics.framework; path = System/Library/Frameworks/CoreGraphics.framework; sourceTree = SDKROOT; };
		B10000000000000000000008 /* FlowReaderThumbnail-Bridging-Header.h */ = {isa = PBXFileReference; lastKnownFileType = sourcecode.c.h; path = "FlowReaderThumbnail-Bridging-Header.h"; sourceTree = "<group>"; };
/* End PBXFileReference section */

/* Begin PBXFrameworksBuildPhase section */
		C10000000000000000000001 /* Frameworks */ = {
			isa = PBXFrameworksBuildPhase;
			buildActionMask = 2147483647;
			files = (
				A10000000000000000000004 /* CoreGraphics.framework in Frameworks */,
				A10000000000000000000003 /* QuickLookThumbnailing.framework in Frameworks */,
			);
			runOnlyForDeploymentPostprocessing = 0;
		};
/* End PBXFrameworksBuildPhase section */

/* Begin PBXGroup section */
		D10000000000000000000001 = {
			isa = PBXGroup;
			children = (
				D10000000000000000000002 /* FlowReaderThumbnail */,
				D10000000000000000000003 /* Frameworks */,
				D10000000000000000000004 /* Products */,
			);
			sourceTree = "<group>";
		};
		D10000000000000000000002 /* FlowReaderThumbnail */ = {
			isa = PBXGroup;
			children = (
				B10000000000000000000001 /* ThumbnailProvider.swift */,
				B10000000000000000000002 /* RustThumbnail.swift */,
				B10000000000000000000008 /* FlowReaderThumbnail-Bridging-Header.h */,
				B10000000000000000000003 /* Info.plist */,
				B10000000000000000000004 /* FlowReaderThumbnail.entitlements */,
			);
			path = FlowReaderThumbnail;
			sourceTree = "<group>";
		};
		D10000000000000000000003 /* Frameworks */ = {
			isa = PBXGroup;
			children = (
				B10000000000000000000007 /* CoreGraphics.framework */,
				B10000000000000000000006 /* QuickLookThumbnailing.framework */,
			);
			name = Frameworks;
			sourceTree = "<group>";
		};
		D10000000000000000000004 /* Products */ = {
			isa = PBXGroup;
			children = (
				B10000000000000000000005 /* FlowReaderThumbnail.appex */,
			);
			name = Products;
			sourceTree = "<group>";
		};
/* End PBXGroup section */

/* Begin PBXNativeTarget section */
		E10000000000000000000001 /* FlowReaderThumbnail */ = {
			isa = PBXNativeTarget;
			buildConfigurationList = F10000000000000000000002 /* Build configuration list for PBXNativeTarget "FlowReaderThumbnail" */;
			buildPhases = (
				C10000000000000000000002 /* Sources */,
				C10000000000000000000001 /* Frameworks */,
				C10000000000000000000003 /* Resources */,
			);
			buildRules = (
			);
			dependencies = (
			);
			name = FlowReaderThumbnail;
			productName = FlowReaderThumbnail;
			productReference = B10000000000000000000005 /* FlowReaderThumbnail.appex */;
			productType = "com.apple.product-type.app-extension";
		};
/* End PBXNativeTarget section */

/* Begin PBXProject section */
		E10000000000000000000002 /* Project object */ = {
			isa = PBXProject;
			attributes = {
				BuildIndependentTargetsInParallel = 1;
				LastSwiftUpdateCheck = 1600;
				LastUpgradeCheck = 1600;
				TargetAttributes = {
					E10000000000000000000001 = {
						CreatedOnToolsVersion = 16.0;
					};
				};
			};
			buildConfigurationList = F10000000000000000000001 /* Build configuration list for PBXProject "FlowReaderThumbnail" */;
			compatibilityVersion = "Xcode 14.0";
			developmentRegion = en;
			hasScannedForEncodings = 0;
			knownRegions = (
				en,
				Base,
			);
			mainGroup = D10000000000000000000001;
			productRefGroup = D10000000000000000000004 /* Products */;
			projectDirPath = "";
			projectRoot = "";
			targets = (
				E10000000000000000000001 /* FlowReaderThumbnail */,
			);
		};
/* End PBXProject section */

/* Begin PBXResourcesBuildPhase section */
		C10000000000000000000003 /* Resources */ = {
			isa = PBXResourcesBuildPhase;
			buildActionMask = 2147483647;
			files = (
			);
			runOnlyForDeploymentPostprocessing = 0;
		};
/* End PBXResourcesBuildPhase section */

/* Begin PBXSourcesBuildPhase section */
		C10000000000000000000002 /* Sources */ = {
			isa = PBXSourcesBuildPhase;
			buildActionMask = 2147483647;
			files = (
				A10000000000000000000002 /* RustThumbnail.swift in Sources */,
				A10000000000000000000001 /* ThumbnailProvider.swift in Sources */,
			);
			runOnlyForDeploymentPostprocessing = 0;
		};
/* End PBXSourcesBuildPhase section */

/* Begin XCBuildConfiguration section */
		F20000000000000000000001 /* Debug */ = {
			isa = XCBuildConfiguration;
			buildSettings = {
				ALWAYS_SEARCH_USER_PATHS = NO;
				CLANG_ENABLE_MODULES = YES;
				CLANG_ENABLE_OBJC_ARC = YES;
				COPY_PHASE_STRIP = NO;
				DEBUG_INFORMATION_FORMAT = dwarf;
				ENABLE_TESTABILITY = YES;
				GCC_C_LANGUAGE_STANDARD = gnu17;
				GCC_OPTIMIZATION_LEVEL = 0;
				MACOSX_DEPLOYMENT_TARGET = 10.15;
				ONLY_ACTIVE_ARCH = YES;
				SDKROOT = macosx;
				SWIFT_ACTIVE_COMPILATION_CONDITIONS = DEBUG;
				SWIFT_OPTIMIZATION_LEVEL = "-Onone";
			};
			name = Debug;
		};
		F20000000000000000000002 /* Release */ = {
			isa = XCBuildConfiguration;
			buildSettings = {
				ALWAYS_SEARCH_USER_PATHS = NO;
				CLANG_ENABLE_MODULES = YES;
				CLANG_ENABLE_OBJC_ARC = YES;
				COPY_PHASE_STRIP = YES;
				DEBUG_INFORMATION_FORMAT = "dwarf-with-dsym";
				GCC_C_LANGUAGE_STANDARD = gnu17;
				MACOSX_DEPLOYMENT_TARGET = 10.15;
				SDKROOT = macosx;
				SWIFT_COMPILATION_MODE = wholemodule;
			};
			name = Release;
		};
		F20000000000000000000003 /* Debug */ = {
			isa = XCBuildConfiguration;
			buildSettings = {
				APPLICATION_EXTENSION_API_ONLY = YES;
				ARCHS = "arm64 x86_64";
				CODE_SIGN_ENTITLEMENTS = FlowReaderThumbnail/FlowReaderThumbnail.entitlements;
				CODE_SIGN_STYLE = Automatic;
				CURRENT_PROJECT_VERSION = 1;
				GENERATE_INFOPLIST_FILE = NO;
				INFOPLIST_FILE = FlowReaderThumbnail/Info.plist;
				MACOSX_DEPLOYMENT_TARGET = 10.15;
				MARKETING_VERSION = 0.1.0;
				OTHER_LDFLAGS = (
					"$(inherited)",
					"$(PROJECT_DIR)/../dist/macos/libflow_thumbnail_macos.a",
				);
				PRODUCT_BUNDLE_IDENTIFIER = com.flow.reader.thumbnail;
				PRODUCT_NAME = "$(TARGET_NAME)";
				SKIP_INSTALL = YES;
				SWIFT_OBJC_BRIDGING_HEADER = FlowReaderThumbnail/FlowReaderThumbnail-Bridging-Header.h;
				SWIFT_VERSION = 5.0;
			};
			name = Debug;
		};
		F20000000000000000000004 /* Release */ = {
			isa = XCBuildConfiguration;
			buildSettings = {
				APPLICATION_EXTENSION_API_ONLY = YES;
				ARCHS = "arm64 x86_64";
				CODE_SIGN_ENTITLEMENTS = FlowReaderThumbnail/FlowReaderThumbnail.entitlements;
				CODE_SIGN_STYLE = Automatic;
				CURRENT_PROJECT_VERSION = 1;
				DEAD_CODE_STRIPPING = YES;
				GENERATE_INFOPLIST_FILE = NO;
				INFOPLIST_FILE = FlowReaderThumbnail/Info.plist;
				MACOSX_DEPLOYMENT_TARGET = 10.15;
				MARKETING_VERSION = 0.1.0;
				OTHER_LDFLAGS = (
					"$(inherited)",
					"$(PROJECT_DIR)/../dist/macos/libflow_thumbnail_macos.a",
				);
				PRODUCT_BUNDLE_IDENTIFIER = com.flow.reader.thumbnail;
				PRODUCT_NAME = "$(TARGET_NAME)";
				SKIP_INSTALL = YES;
				SWIFT_OBJC_BRIDGING_HEADER = FlowReaderThumbnail/FlowReaderThumbnail-Bridging-Header.h;
				SWIFT_VERSION = 5.0;
			};
			name = Release;
		};
/* End XCBuildConfiguration section */

/* Begin XCConfigurationList section */
		F10000000000000000000001 /* Build configuration list for PBXProject "FlowReaderThumbnail" */ = {
			isa = XCConfigurationList;
			buildConfigurations = (
				F20000000000000000000001 /* Debug */,
				F20000000000000000000002 /* Release */,
			);
			defaultConfigurationIsVisible = 0;
			defaultConfigurationName = Release;
		};
		F10000000000000000000002 /* Build configuration list for PBXNativeTarget "FlowReaderThumbnail" */ = {
			isa = XCConfigurationList;
			buildConfigurations = (
				F20000000000000000000003 /* Debug */,
				F20000000000000000000004 /* Release */,
			);
			defaultConfigurationIsVisible = 0;
			defaultConfigurationName = Release;
		};
/* End XCConfigurationList section */
	};
	rootObject = E10000000000000000000002 /* Project object */;
}
